
Microsoft Visual Studio Solution File, Format Version 12.00
# Visual Studio Version 17
VisualStudioVersion = 17.6.33815.320
MinimumVisualStudioVersion = 10.0.40219.1
Project("{9A19103F-16F7-4668-BE54-9A1E7A4F7556}") = "HotelListing.API", "HotelListing.API\HotelListing.API.csproj", "{1751D820-82EB-45FB-A8A1-708DF3DF4115}"
EndProject
Project("{FAE04EC0-301F-11D3-BF4B-00C04F79EFBC}") = "HotelListing.API.Tests", "HotelListing.API.Tests\HotelListing.API.Tests.csproj", "{2940DC39-15DA-425A-80D1-D6A53148928F}"
EndProject
Global
	GlobalSection(SolutionConfigurationPlatforms) = preSolution
		Debug|Any CPU = Debug|Any CPU
		Release|Any CPU = Release|Any CPU
	EndGlobalSection
	GlobalSection(ProjectConfigurationPlatforms) = postSolution
		{1751D820-82EB-45FB-A8A1-708DF3DF4115}.Debug|Any CPU.ActiveCfg = Debug|Any CPU
		{1751D820-82EB-45FB-A8A1-708DF3DF4115}.Debug|Any CPU.Build.0 = Debug|Any CPU
		{1751D820-82EB-45FB-A8A1-708DF3DF4115}.Release|Any CPU.ActiveCfg = Release|Any CPU
		{1751D820-82EB-45FB-A8A1-708DF3DF4115}.Release|Any CPU.Build.0 = Release|Any CPU
		{2940DC39-15DA-425A-80D1-D6A53148928F}.Debug|Any CPU.ActiveCfg = Debug|Any CPU
		{2940DC39-15DA-425A-80D1-D6A53148928F}.Debug|Any CPU.Build.0 = Debug|Any CPU
		{2940DC39-15DA-425A-80D1-D6A53148928F}.Release|Any CPU.ActiveCfg = Release|Any CPU
		{2940DC39-15DA-425A-80D1-D6A53148928F}.Release|Any CPU.Build.0 = Release|Any CPU
	EndGlobalSection
	GlobalSection(SolutionProperties) = preSolution
		HideSolutionNode = FALSE
	EndGlobalSection
	GlobalSection(ExtensibilityGlobals) = postSolution
		SolutionGuid = {13D30E3C-B4A5-466B-8FB5-C2BA538E2654}
	EndGlobalSection
EndGlobal
